// !$*UTF8*$!
{
	archiveVersion = 1;
	classes = {
	};
	objectVersion = 56;
	objects = {

/* Begin PBXBuildFile section */
		474B44F828B69BD8F27FD9E0 /* Pods_QAuth_iOS.framework in Frameworks */ = {isa = PBXBuildFile; fileRef = 2FC75AE795ED3EE37F7892E0 /* Pods_QAuth_iOS.framework */; };
		C94646F22A2DBE750026A7AB /* CL_ShanYanSDK.framework in Frameworks */ = {isa = PBXBuildFile; fileRef = C94646EC2A2DBE750026A7AB /* CL_ShanYanSDK.framework */; };
		C94646F32A2DBE750026A7AB /* TYRZUISDK.framework in Frameworks */ = {isa = PBXBuildFile; fileRef = C94646ED2A2DBE750026A7AB /* TYRZUISDK.framework */; };
		C94646F52A2DBE750026A7AB /* sdk_oauth.bundle in Resources */ = {isa = PBXBuildFile; fileRef = C94646EF2A2DBE750026A7AB /* sdk_oauth.bundle */; };
		C94647222A2F0DE80026A7AB /* PlayerView.m in Sources */ = {isa = PBXBuildFile; fileRef = C94647212A2F0DE80026A7AB /* PlayerView.m */; };
		C94647322A30250F0026A7AB /* EAccountApiSDK.framework in Frameworks */ = {isa = PBXBuildFile; fileRef = C94646F12A2DBE750026A7AB /* EAccountApiSDK.framework */; };
		C94647332A3025200026A7AB /* OAuth.framework in Frameworks */ = {isa = PBXBuildFile; fileRef = C94646F02A2DBE750026A7AB /* OAuth.framework */; };
		C946473B2A3067410026A7AB /* QNAuthSDK.framework in Frameworks */ = {isa = PBXBuildFile; fileRef = C946473A2A3067410026A7AB /* QNAuthSDK.framework */; };
		C946473D2A3067AD0026A7AB /* account_login_sdk_noui_core.framework in Frameworks */ = {isa = PBXBuildFile; fileRef = C946473C2A3067AD0026A7AB /* account_login_sdk_noui_core.framework */; };
		C95EC3DB2A20822A00153AD1 /* LottieLogo2.json in Resources */ = {isa = PBXBuildFile; fileRef = C95EC3DA2A20822A00153AD1 /* LottieLogo2.json */; };
		C98D20B92A1B625300D24333 /* AppDelegate.m in Sources */ = {isa = PBXBuildFile; fileRef = C98D20B82A1B625300D24333 /* AppDelegate.m */; };
		C98D20BC2A1B625300D24333 /* SceneDelegate.m in Sources */ = {isa = PBXBuildFile; fileRef = C98D20BB2A1B625300D24333 /* SceneDelegate.m */; };
		C98D20BF2A1B625300D24333 /* ViewController.m in Sources */ = {isa = PBXBuildFile; fileRef = C98D20BE2A1B625300D24333 /* ViewController.m */; };
		C98D20C22A1B625300D24333 /* Main.storyboard in Resources */ = {isa = PBXBuildFile; fileRef = C98D20C02A1B625300D24333 /* Main.storyboard */; };
		C98D20C42A1B625500D24333 /* Assets.xcassets in Resources */ = {isa = PBXBuildFile; fileRef = C98D20C32A1B625500D24333 /* Assets.xcassets */; };
		C98D20C72A1B625500D24333 /* LaunchScreen.storyboard in Resources */ = {isa = PBXBuildFile; fileRef = C98D20C52A1B625500D24333 /* LaunchScreen.storyboard */; };
		C98D20CA2A1B625500D24333 /* main.m in Sources */ = {isa = PBXBuildFile; fileRef = C98D20C92A1B625500D24333 /* main.m */; };
		C98D20E52A1B62DD00D24333 /* PhoneNumberCheckController.m in Sources */ = {isa = PBXBuildFile; fileRef = C98D20D22A1B62DB00D24333 /* PhoneNumberCheckController.m */; };
		C98D20E72A1B62DD00D24333 /* TestViewController.m in Sources */ = {isa = PBXBuildFile; fileRef = C98D20D82A1B62DC00D24333 /* TestViewController.m */; };
		C98D20E92A1B62DD00D24333 /* NSArray+HYBUnicodeReadable.m in Sources */ = {isa = PBXBuildFile; fileRef = C98D20DC2A1B62DC00D24333 /* NSArray+HYBUnicodeReadable.m */; };
		C98D20EA2A1B62DD00D24333 /* NSDictionary+HYBUnicodeReadable.m in Sources */ = {isa = PBXBuildFile; fileRef = C98D20DD2A1B62DC00D24333 /* NSDictionary+HYBUnicodeReadable.m */; };
		C98D20EB2A1B62DD00D24333 /* NSSet+HYBUnicodeReadable.m in Sources */ = {isa = PBXBuildFile; fileRef = C98D20DE2A1B62DC00D24333 /* NSSet+HYBUnicodeReadable.m */; };
		C98D20EC2A1B62DD00D24333 /* CLConsole.framework in Frameworks */ = {isa = PBXBuildFile; fileRef = C98D20E22A1B62DC00D24333 /* CLConsole.framework */; };
		C98D20ED2A1B62DD00D24333 /* CLConsoleBundle.bundle in Resources */ = {isa = PBXBuildFile; fileRef = C98D20E32A1B62DC00D24333 /* CLConsoleBundle.bundle */; };
		C98D20EE2A1B62DD00D24333 /* QNPhoneNumberDemoCode.m in Sources */ = {isa = PBXBuildFile; fileRef = C98D20E42A1B62DC00D24333 /* QNPhoneNumberDemoCode.m */; };
		C98D20FE2A1B674500D24333 /* UIColor+DymaicColor.m in Sources */ = {isa = PBXBuildFile; fileRef = C98D20FD2A1B674500D24333 /* UIColor+DymaicColor.m */; };
		C98D21002A1B680D00D24333 /* Network.framework in Frameworks */ = {isa = PBXBuildFile; fileRef = C98D20FF2A1B680D00D24333 /* Network.framework */; };
		C98D21022A1B684D00D24333 /* libc++.tbd in Frameworks */ = {isa = PBXBuildFile; fileRef = C98D21012A1B684500D24333 /* libc++.tbd */; };
		C98D21092A1CAB5900D24333 /* TYRZResource.bundle in Resources */ = {isa = PBXBuildFile; fileRef = C98D21082A1CAB5900D24333 /* TYRZResource.bundle */; };
		C9DF59802A2720A60038416C /* 颜色遮罩_x264.mp4 in Resources */ = {isa = PBXBuildFile; fileRef = C9DF597F2A2720A60038416C /* 颜色遮罩_x264.mp4 */; };
/* End PBXBuildFile section */

/* Begin PBXFileReference section */
		2FC75AE795ED3EE37F7892E0 /* Pods_QAuth_iOS.framework */ = {isa = PBXFileReference; explicitFileType = wrapper.framework; includeInIndex = 0; path = Pods_QAuth_iOS.framework; sourceTree = BUILT_PRODUCTS_DIR; };
		7A42B65D3D3EBEEEF028F3A4 /* Pods-QAuth_iOS.release.xcconfig */ = {isa = PBXFileReference; includeInIndex = 1; lastKnownFileType = text.xcconfig; name = "Pods-QAuth_iOS.release.xcconfig"; path = "Target Support Files/Pods-QAuth_iOS/Pods-QAuth_iOS.release.xcconfig"; sourceTree = "<group>"; };
		C94646EC2A2DBE750026A7AB /* CL_ShanYanSDK.framework */ = {isa = PBXFileReference; lastKnownFileType = wrapper.framework; path = CL_ShanYanSDK.framework; sourceTree = "<group>"; };
		C94646ED2A2DBE750026A7AB /* TYRZUISDK.framework */ = {isa = PBXFileReference; lastKnownFileType = wrapper.framework; path = TYRZUISDK.framework; sourceTree = "<group>"; };
		C94646EF2A2DBE750026A7AB /* sdk_oauth.bundle */ = {isa = PBXFileReference; lastKnownFileType = "wrapper.plug-in"; path = sdk_oauth.bundle; sourceTree = "<group>"; };
		C94646F02A2DBE750026A7AB /* OAuth.framework */ = {isa = PBXFileReference; lastKnownFileType = wrapper.framework; path = OAuth.framework; sourceTree = "<group>"; };
		C94646F12A2DBE750026A7AB /* EAccountApiSDK.framework */ = {isa = PBXFileReference; lastKnownFileType = wrapper.framework; path = EAccountApiSDK.framework; sourceTree = "<group>"; };
		C94647202A2F0DE80026A7AB /* PlayerView.h */ = {isa = PBXFileReference; fileEncoding = 4; lastKnownFileType = sourcecode.c.h; path = PlayerView.h; sourceTree = "<group>"; };
		C94647212A2F0DE80026A7AB /* PlayerView.m */ = {isa = PBXFileReference; fileEncoding = 4; lastKnownFileType = sourcecode.c.objc; path = PlayerView.m; sourceTree = "<group>"; };
		C946473A2A3067410026A7AB /* QNAuthSDK.framework */ = {isa = PBXFileReference; lastKnownFileType = wrapper.framework; path = QNAuthSDK.framework; sourceTree = "<group>"; };
		C946473C2A3067AD0026A7AB /* account_login_sdk_noui_core.framework */ = {isa = PBXFileReference; lastKnownFileType = wrapper.framework; path = account_login_sdk_noui_core.framework; sourceTree = "<group>"; };
		C95EC3DA2A20822A00153AD1 /* LottieLogo2.json */ = {isa = PBXFileReference; fileEncoding = 4; lastKnownFileType = text.json; path = LottieLogo2.json; sourceTree = "<group>"; };
		C98D20B42A1B625300D24333 /* QAuth_iOS.app */ = {isa = PBXFileReference; explicitFileType = wrapper.application; includeInIndex = 0; path = QAuth_iOS.app; sourceTree = BUILT_PRODUCTS_DIR; };
		C98D20B72A1B625300D24333 /* AppDelegate.h */ = {isa = PBXFileReference; lastKnownFileType = sourcecode.c.h; path = AppDelegate.h; sourceTree = "<group>"; };
		C98D20B82A1B625300D24333 /* AppDelegate.m */ = {isa = PBXFileReference; lastKnownFileType = sourcecode.c.objc; path = AppDelegate.m; sourceTree = "<group>"; };
		C98D20BA2A1B625300D24333 /* SceneDelegate.h */ = {isa = PBXFileReference; lastKnownFileType = sourcecode.c.h; path = SceneDelegate.h; sourceTree = "<group>"; };
		C98D20BB2A1B625300D24333 /* SceneDelegate.m */ = {isa = PBXFileReference; lastKnownFileType = sourcecode.c.objc; path = SceneDelegate.m; sourceTree = "<group>"; };
		C98D20BD2A1B625300D24333 /* ViewController.h */ = {isa = PBXFileReference; lastKnownFileType = sourcecode.c.h; path = ViewController.h; sourceTree = "<group>"; };
		C98D20BE2A1B625300D24333 /* ViewController.m */ = {isa = PBXFileReference; lastKnownFileType = sourcecode.c.objc; path = ViewController.m; sourceTree = "<group>"; };
		C98D20C12A1B625300D24333 /* Base */ = {isa = PBXFileReference; lastKnownFileType = file.storyboard; name = Base; path = Base.lproj/Main.storyboard; sourceTree = "<group>"; };
		C98D20C32A1B625500D24333 /* Assets.xcassets */ = {isa = PBXFileReference; lastKnownFileType = folder.assetcatalog; path = Assets.xcassets; sourceTree = "<group>"; };
		C98D20C62A1B625500D24333 /* Base */ = {isa = PBXFileReference; lastKnownFileType = file.storyboard; name = Base; path = Base.lproj/LaunchScreen.storyboard; sourceTree = "<group>"; };
		C98D20C82A1B625500D24333 /* Info.plist */ = {isa = PBXFileReference; lastKnownFileType = text.plist.xml; path = Info.plist; sourceTree = "<group>"; };
		C98D20C92A1B625500D24333 /* main.m */ = {isa = PBXFileReference; lastKnownFileType = sourcecode.c.objc; path = main.m; sourceTree = "<group>"; };
		C98D20D02A1B62DB00D24333 /* QNPhoneNumberDemoCode.h */ = {isa = PBXFileReference; fileEncoding = 4; lastKnownFileType = sourcecode.c.h; path = QNPhoneNumberDemoCode.h; sourceTree = "<group>"; };
		C98D20D22A1B62DB00D24333 /* PhoneNumberCheckController.m */ = {isa = PBXFileReference; fileEncoding = 4; lastKnownFileType = sourcecode.c.objc; path = PhoneNumberCheckController.m; sourceTree = "<group>"; };
		C98D20D32A1B62DB00D24333 /* PhoneNumberCheckController.h */ = {isa = PBXFileReference; fileEncoding = 4; lastKnownFileType = sourcecode.c.h; path = PhoneNumberCheckController.h; sourceTree = "<group>"; };
		C98D20D42A1B62DB00D24333 /* TestViewController.h */ = {isa = PBXFileReference; fileEncoding = 4; lastKnownFileType = sourcecode.c.h; path = TestViewController.h; sourceTree = "<group>"; };
		C98D20D82A1B62DC00D24333 /* TestViewController.m */ = {isa = PBXFileReference; fileEncoding = 4; lastKnownFileType = sourcecode.c.objc; path = TestViewController.m; sourceTree = "<group>"; };
		C98D20DC2A1B62DC00D24333 /* NSArray+HYBUnicodeReadable.m */ = {isa = PBXFileReference; fileEncoding = 4; lastKnownFileType = sourcecode.c.objc; path = "NSArray+HYBUnicodeReadable.m"; sourceTree = "<group>"; };
		C98D20DD2A1B62DC00D24333 /* NSDictionary+HYBUnicodeReadable.m */ = {isa = PBXFileReference; fileEncoding = 4; lastKnownFileType = sourcecode.c.objc; path = "NSDictionary+HYBUnicodeReadable.m"; sourceTree = "<group>"; };
		C98D20DE2A1B62DC00D24333 /* NSSet+HYBUnicodeReadable.m */ = {isa = PBXFileReference; fileEncoding = 4; lastKnownFileType = sourcecode.c.objc; path = "NSSet+HYBUnicodeReadable.m"; sourceTree = "<group>"; };
		C98D20DF2A1B62DC00D24333 /* NSArray+HYBUnicodeReadable.h */ = {isa = PBXFileReference; fileEncoding = 4; lastKnownFileType = sourcecode.c.h; path = "NSArray+HYBUnicodeReadable.h"; sourceTree = "<group>"; };
		C98D20E02A1B62DC00D24333 /* NSDictionary+HYBUnicodeReadable.h */ = {isa = PBXFileReference; fileEncoding = 4; lastKnownFileType = sourcecode.c.h; path = "NSDictionary+HYBUnicodeReadable.h"; sourceTree = "<group>"; };
		C98D20E12A1B62DC00D24333 /* NSSet+HYBUnicodeReadable.h */ = {isa = PBXFileReference; fileEncoding = 4; lastKnownFileType = sourcecode.c.h; path = "NSSet+HYBUnicodeReadable.h"; sourceTree = "<group>"; };
		C98D20E22A1B62DC00D24333 /* CLConsole.framework */ = {isa = PBXFileReference; lastKnownFileType = wrapper.framework; path = CLConsole.framework; sourceTree = "<group>"; };
		C98D20E32A1B62DC00D24333 /* CLConsoleBundle.bundle */ = {isa = PBXFileReference; lastKnownFileType = "wrapper.plug-in"; path = CLConsoleBundle.bundle; sourceTree = "<group>"; };
		C98D20E42A1B62DC00D24333 /* QNPhoneNumberDemoCode.m */ = {isa = PBXFileReference; fileEncoding = 4; lastKnownFileType = sourcecode.c.objc; path = QNPhoneNumberDemoCode.m; sourceTree = "<group>"; };
		C98D20FC2A1B674500D24333 /* UIColor+DymaicColor.h */ = {isa = PBXFileReference; fileEncoding = 4; lastKnownFileType = sourcecode.c.h; path = "UIColor+DymaicColor.h"; sourceTree = "<group>"; };
		C98D20FD2A1B674500D24333 /* UIColor+DymaicColor.m */ = {isa = PBXFileReference; fileEncoding = 4; lastKnownFileType = sourcecode.c.objc; path = "UIColor+DymaicColor.m"; sourceTree = "<group>"; };
		C98D20FF2A1B680D00D24333 /* Network.framework */ = {isa = PBXFileReference; lastKnownFileType = wrapper.framework; name = Network.framework; path = System/Library/Frameworks/Network.framework; sourceTree = SDKROOT; };
		C98D21012A1B684500D24333 /* libc++.tbd */ = {isa = PBXFileReference; lastKnownFileType = "sourcecode.text-based-dylib-definition"; name = "libc++.tbd"; path = "usr/lib/libc++.tbd"; sourceTree = SDKROOT; };
		C98D21082A1CAB5900D24333 /* TYRZResource.bundle */ = {isa = PBXFileReference; lastKnownFileType = "wrapper.plug-in"; path = TYRZResource.bundle; sourceTree = "<group>"; };
		C9DF597F2A2720A60038416C /* 颜色遮罩_x264.mp4 */ = {isa = PBXFileReference; lastKnownFileType = file; path = "颜色遮罩_x264.mp4"; sourceTree = "<group>"; };
		DE5211D60FF2C80EC4AC2055 /* Pods-QAuth_iOS.debug.xcconfig */ = {isa = PBXFileReference; includeInIndex = 1; lastKnownFileType = text.xcconfig; name = "Pods-QAuth_iOS.debug.xcconfig"; path = "Target Support Files/Pods-QAuth_iOS/Pods-QAuth_iOS.debug.xcconfig"; sourceTree = "<group>"; };
/* End PBXFileReference section */

/* Begin PBXFrameworksBuildPhase section */
		C98D20B12A1B625300D24333 /* Frameworks */ = {
			isa = PBXFrameworksBuildPhase;
			buildActionMask = 2147483647;
			files = (
				C946473B2A3067410026A7AB /* QNAuthSDK.framework in Frameworks */,
				C98D20EC2A1B62DD00D24333 /* CLConsole.framework in Frameworks */,
				C94647322A30250F0026A7AB /* EAccountApiSDK.framework in Frameworks */,
				C94647332A3025200026A7AB /* OAuth.framework in Frameworks */,
				C94646F32A2DBE750026A7AB /* TYRZUISDK.framework in Frameworks */,
				C98D21022A1B684D00D24333 /* libc++.tbd in Frameworks */,
				474B44F828B69BD8F27FD9E0 /* Pods_QAuth_iOS.framework in Frameworks */,
				C946473D2A3067AD0026A7AB /* account_login_sdk_noui_core.framework in Frameworks */,
				C98D21002A1B680D00D24333 /* Network.framework in Frameworks */,
				C94646F22A2DBE750026A7AB /* CL_ShanYanSDK.framework in Frameworks */,
			);
			runOnlyForDeploymentPostprocessing = 0;
		};
/* End PBXFrameworksBuildPhase section */

/* Begin PBXGroup section */
		1AF4BE4C1CEC48068281B827 /* Pods */ = {
			isa = PBXGroup;
			children = (
				DE5211D60FF2C80EC4AC2055 /* Pods-QAuth_iOS.debug.xcconfig */,
				7A42B65D3D3EBEEEF028F3A4 /* Pods-QAuth_iOS.release.xcconfig */,
			);
			path = Pods;
			sourceTree = "<group>";
		};
		58BFAB0BF745E0B9312DC7B4 /* Frameworks */ = {
			isa = PBXGroup;
			children = (
				C98D21012A1B684500D24333 /* libc++.tbd */,
				C98D20FF2A1B680D00D24333 /* Network.framework */,
				2FC75AE795ED3EE37F7892E0 /* Pods_QAuth_iOS.framework */,
			);
			name = Frameworks;
			sourceTree = "<group>";
		};
		C94646EB2A2DBE750026A7AB /* frameworks */ = {
			isa = PBXGroup;
			children = (
				C946473C2A3067AD0026A7AB /* account_login_sdk_noui_core.framework */,
				C946473A2A3067410026A7AB /* QNAuthSDK.framework */,
				C94646EC2A2DBE750026A7AB /* CL_ShanYanSDK.framework */,
				C94646ED2A2DBE750026A7AB /* TYRZUISDK.framework */,
				C94646EF2A2DBE750026A7AB /* sdk_oauth.bundle */,
				C94646F02A2DBE750026A7AB /* OAuth.framework */,
				C94646F12A2DBE750026A7AB /* EAccountApiSDK.framework */,
			);
			path = frameworks;
			sourceTree = "<group>";
		};
		C98D20AB2A1B625300D24333 = {
			isa = PBXGroup;
			children = (
				C98D20B62A1B625300D24333 /* QAuth_iOS */,
				C98D20B52A1B625300D24333 /* Products */,
				1AF4BE4C1CEC48068281B827 /* Pods */,
				58BFAB0BF745E0B9312DC7B4 /* Frameworks */,
			);
			sourceTree = "<group>";
		};
		C98D20B52A1B625300D24333 /* Products */ = {
			isa = PBXGroup;
			children = (
				C98D20B42A1B625300D24333 /* QAuth_iOS.app */,
			);
			name = Products;
			sourceTree = "<group>";
		};
		C98D20B62A1B625300D24333 /* QAuth_iOS */ = {
			isa = PBXGroup;
			children = (
				C94646EB2A2DBE750026A7AB /* frameworks */,
				C9DF597E2A27208B0038416C /* Res */,
				C98D21082A1CAB5900D24333 /* TYRZResource.bundle */,
				C98D20DA2A1B62DC00D24333 /* Vender */,
				C98D20D12A1B62DB00D24333 /* PhoneNumberCheck(本机号校验) */,
				C98D20D02A1B62DB00D24333 /* QNPhoneNumberDemoCode.h */,
				C98D20E42A1B62DC00D24333 /* QNPhoneNumberDemoCode.m */,
				C94647202A2F0DE80026A7AB /* PlayerView.h */,
				C94647212A2F0DE80026A7AB /* PlayerView.m */,
				C98D20D42A1B62DB00D24333 /* TestViewController.h */,
				C98D20D82A1B62DC00D24333 /* TestViewController.m */,
				C98D20B72A1B625300D24333 /* AppDelegate.h */,
				C98D20B82A1B625300D24333 /* AppDelegate.m */,
				C98D20BA2A1B625300D24333 /* SceneDelegate.h */,
				C98D20BB2A1B625300D24333 /* SceneDelegate.m */,
				C98D20BD2A1B625300D24333 /* ViewController.h */,
				C98D20BE2A1B625300D24333 /* ViewController.m */,
				C98D20C02A1B625300D24333 /* Main.storyboard */,
				C98D20C32A1B625500D24333 /* Assets.xcassets */,
				C98D20C52A1B625500D24333 /* LaunchScreen.storyboard */,
				C98D20C82A1B625500D24333 /* Info.plist */,
				C98D20C92A1B625500D24333 /* main.m */,
			);
			path = QAuth_iOS;
			sourceTree = "<group>";
		};
		C98D20D12A1B62DB00D24333 /* PhoneNumberCheck(本机号校验) */ = {
			isa = PBXGroup;
			children = (
				C98D20D22A1B62DB00D24333 /* PhoneNumberCheckController.m */,
				C98D20D32A1B62DB00D24333 /* PhoneNumberCheckController.h */,
			);
			path = "PhoneNumberCheck(本机号校验)";
			sourceTree = "<group>";
		};
		C98D20DA2A1B62DC00D24333 /* Vender */ = {
			isa = PBXGroup;
			children = (
				C98D20FC2A1B674500D24333 /* UIColor+DymaicColor.h */,
				C98D20FD2A1B674500D24333 /* UIColor+DymaicColor.m */,
				C98D20DB2A1B62DC00D24333 /* HYBUnicodeReadable */,
				C98D20E22A1B62DC00D24333 /* CLConsole.framework */,
				C98D20E32A1B62DC00D24333 /* CLConsoleBundle.bundle */,
			);
			path = Vender;
			sourceTree = "<group>";
		};
		C98D20DB2A1B62DC00D24333 /* HYBUnicodeReadable */ = {
			isa = PBXGroup;
			children = (
				C98D20DC2A1B62DC00D24333 /* NSArray+HYBUnicodeReadable.m */,
				C98D20DD2A1B62DC00D24333 /* NSDictionary+HYBUnicodeReadable.m */,
				C98D20DE2A1B62DC00D24333 /* NSSet+HYBUnicodeReadable.m */,
				C98D20DF2A1B62DC00D24333 /* NSArray+HYBUnicodeReadable.h */,
				C98D20E02A1B62DC00D24333 /* NSDictionary+HYBUnicodeReadable.h */,
				C98D20E12A1B62DC00D24333 /* NSSet+HYBUnicodeReadable.h */,
			);
			path = HYBUnicodeReadable;
			sourceTree = "<group>";
		};
		C9DF597E2A27208B0038416C /* Res */ = {
			isa = PBXGroup;
			children = (
				C9DF597F2A2720A60038416C /* 颜色遮罩_x264.mp4 */,
				C95EC3DA2A20822A00153AD1 /* LottieLogo2.json */,
			);
			path = Res;
			sourceTree = "<group>";
		};
/* End PBXGroup section */

/* Begin PBXNativeTarget section */
		C98D20B32A1B625300D24333 /* QAuth_iOS */ = {
			isa = PBXNativeTarget;
			buildConfigurationList = C98D20CD2A1B625500D24333 /* Build configuration list for PBXNativeTarget "QAuth_iOS" */;
			buildPhases = (
				31DBBE7385A53497418256A7 /* [CP] Check Pods Manifest.lock */,
				C98D20B02A1B625300D24333 /* Sources */,
				C98D20B12A1B625300D24333 /* Frameworks */,
				C98D20B22A1B625300D24333 /* Resources */,
				6C99F66682A0ACE2AFBDC928 /* [CP] Embed Pods Frameworks */,
			);
			buildRules = (
			);
			dependencies = (
			);
			name = QAuth_iOS;
			productName = QAuth_iOS;
			productReference = C98D20B42A1B625300D24333 /* QAuth_iOS.app */;
			productType = "com.apple.product-type.application";
		};
/* End PBXNativeTarget section */

/* Begin PBXProject section */
		C98D20AC2A1B625300D24333 /* Project object */ = {
			isa = PBXProject;
			attributes = {
				BuildIndependentTargetsInParallel = 1;
				LastUpgradeCheck = 1430;
				TargetAttributes = {
					C98D20B32A1B625300D24333 = {
						CreatedOnToolsVersion = 14.3;
					};
				};
			};
			buildConfigurationList = C98D20AF2A1B625300D24333 /* Build configuration list for PBXProject "QAuth_iOS" */;
			compatibilityVersion = "Xcode 14.0";
			developmentRegion = en;
			hasScannedForEncodings = 0;
			knownRegions = (
				en,
				Base,
			);
			mainGroup = C98D20AB2A1B625300D24333;
			productRefGroup = C98D20B52A1B625300D24333 /* Products */;
			projectDirPath = "";
			projectRoot = "";
			targets = (
				C98D20B32A1B625300D24333 /* QAuth_iOS */,
			);
		};
/* End PBXProject section */

/* Begin PBXResourcesBuildPhase section */
		C98D20B22A1B625300D24333 /* Resources */ = {
			isa = PBXResourcesBuildPhase;
			buildActionMask = 2147483647;
			files = (
				C98D21092A1CAB5900D24333 /* TYRZResource.bundle in Resources */,
				C98D20C72A1B625500D24333 /* LaunchScreen.storyboard in Resources */,
				C98D20C42A1B625500D24333 /* Assets.xcassets in Resources */,
				C95EC3DB2A20822A00153AD1 /* LottieLogo2.json in Resources */,
				C9DF59802A2720A60038416C /* 颜色遮罩_x264.mp4 in Resources */,
				C94646F52A2DBE750026A7AB /* sdk_oauth.bundle in Resources */,
				C98D20ED2A1B62DD00D24333 /* CLConsoleBundle.bundle in Resources */,
				C98D20C22A1B625300D24333 /* Main.storyboard in Resources */,
			);
			runOnlyForDeploymentPostprocessing = 0;
		};
/* End PBXResourcesBuildPhase section */

/* Begin PBXShellScriptBuildPhase section */
		31DBBE7385A53497418256A7 /* [CP] Check Pods Manifest.lock */ = {
			isa = PBXShellScriptBuildPhase;
			buildActionMask = 2147483647;
			files = (
			);
			inputFileListPaths = (
			);
			inputPaths = (
				"${PODS_PODFILE_DIR_PATH}/Podfile.lock",
				"${PODS_ROOT}/Manifest.lock",
			);
			name = "[CP] Check Pods Manifest.lock";
			outputFileListPaths = (
			);
			outputPaths = (
				"$(DERIVED_FILE_DIR)/Pods-QAuth_iOS-checkManifestLockResult.txt",
			);
			runOnlyForDeploymentPostprocessing = 0;
			shellPath = /bin/sh;
			shellScript = "diff \"${PODS_PODFILE_DIR_PATH}/Podfile.lock\" \"${PODS_ROOT}/Manifest.lock\" > /dev/null\nif [ $? != 0 ] ; then\n    # print error to STDERR\n    echo \"error: The sandbox is not in sync with the Podfile.lock. Run 'pod install' or update your CocoaPods installation.\" >&2\n    exit 1\nfi\n# This output is used by Xcode 'outputs' to avoid re-running this script phase.\necho \"SUCCESS\" > \"${SCRIPT_OUTPUT_FILE_0}\"\n";
			showEnvVarsInLog = 0;
		};
		6C99F66682A0ACE2AFBDC928 /* [CP] Embed Pods Frameworks */ = {
			isa = PBXShellScriptBuildPhase;
			buildActionMask = 2147483647;
			files = (
			);
			inputFileListPaths = (
				"${PODS_ROOT}/Target Support Files/Pods-QAuth_iOS/Pods-QAuth_iOS-frameworks-${CONFIGURATION}-input-files.xcfilelist",
			);
			name = "[CP] Embed Pods Frameworks";
			outputFileListPaths = (
				"${PODS_ROOT}/Target Support Files/Pods-QAuth_iOS/Pods-QAuth_iOS-frameworks-${CONFIGURATION}-output-files.xcfilelist",
			);
			runOnlyForDeploymentPostprocessing = 0;
			shellPath = /bin/sh;
			shellScript = "\"${PODS_ROOT}/Target Support Files/Pods-QAuth_iOS/Pods-QAuth_iOS-frameworks.sh\"\n";
			showEnvVarsInLog = 0;
		};
/* End PBXShellScriptBuildPhase section */

/* Begin PBXSourcesBuildPhase section */
		C98D20B02A1B625300D24333 /* Sources */ = {
			isa = PBXSourcesBuildPhase;
			buildActionMask = 2147483647;
			files = (
				C98D20BF2A1B625300D24333 /* ViewController.m in Sources */,
				C98D20E72A1B62DD00D24333 /* TestViewController.m in Sources */,
				C98D20EE2A1B62DD00D24333 /* QNPhoneNumberDemoCode.m in Sources */,
				C98D20B92A1B625300D24333 /* AppDelegate.m in Sources */,
				C98D20CA2A1B625500D24333 /* main.m in Sources */,
				C98D20E52A1B62DD00D24333 /* PhoneNumberCheckController.m in Sources */,
				C98D20EA2A1B62DD00D24333 /* NSDictionary+HYBUnicodeReadable.m in Sources */,
				C94647222A2F0DE80026A7AB /* PlayerView.m in Sources */,
				C98D20EB2A1B62DD00D24333 /* NSSet+HYBUnicodeReadable.m in Sources */,
				C98D20FE2A1B674500D24333 /* UIColor+DymaicColor.m in Sources */,
				C98D20E92A1B62DD00D24333 /* NSArray+HYBUnicodeReadable.m in Sources */,
				C98D20BC2A1B625300D24333 /* SceneDelegate.m in Sources */,
			);
			runOnlyForDeploymentPostprocessing = 0;
		};
/* End PBXSourcesBuildPhase section */

/* Begin PBXVariantGroup section */
		C98D20C02A1B625300D24333 /* Main.storyboard */ = {
			isa = PBXVariantGroup;
			children = (
				C98D20C12A1B625300D24333 /* Base */,
			);
			name = Main.storyboard;
			sourceTree = "<group>";
		};
		C98D20C52A1B625500D24333 /* LaunchScreen.storyboard */ = {
			isa = PBXVariantGroup;
			children = (
				C98D20C62A1B625500D24333 /* Base */,
			);
			name = LaunchScreen.storyboard;
			sourceTree = "<group>";
		};
/* End PBXVariantGroup section */

/* Begin XCBuildConfiguration section */
		C98D20CB2A1B625500D24333 /* Debug */ = {
			isa = XCBuildConfiguration;
			buildSettings = {
				ALWAYS_SEARCH_USER_PATHS = NO;
				CLANG_ANALYZER_NONNULL = YES;
				CLANG_ANALYZER_NUMBER_OBJECT_CONVERSION = YES_AGGRESSIVE;
				CLANG_CXX_LANGUAGE_STANDARD = "gnu++20";
				CLANG_ENABLE_MODULES = YES;
				CLANG_ENABLE_OBJC_ARC = YES;
				CLANG_ENABLE_OBJC_WEAK = YES;
				CLANG_WARN_BLOCK_CAPTURE_AUTORELEASING = YES;
				CLANG_WARN_BOOL_CONVERSION = YES;
				CLANG_WARN_COMMA = YES;
				CLANG_WARN_CONSTANT_CONVERSION = YES;
				CLANG_WARN_DEPRECATED_OBJC_IMPLEMENTATIONS = YES;
				CLANG_WARN_DIRECT_OBJC_ISA_USAGE = YES_ERROR;
				CLANG_WARN_DOCUMENTATION_COMMENTS = YES;
				CLANG_WARN_EMPTY_BODY = YES;
				CLANG_WARN_ENUM_CONVERSION = YES;
				CLANG_WARN_INFINITE_RECURSION = YES;
				CLANG_WARN_INT_CONVERSION = YES;
				CLANG_WARN_NON_LITERAL_NULL_CONVERSION = YES;
				CLANG_WARN_OBJC_IMPLICIT_RETAIN_SELF = YES;
				CLANG_WARN_OBJC_LITERAL_CONVERSION = YES;
				CLANG_WARN_OBJC_ROOT_CLASS = YES_ERROR;
				CLANG_WARN_QUOTED_INCLUDE_IN_FRAMEWORK_HEADER = YES;
				CLANG_WARN_RANGE_LOOP_ANALYSIS = YES;
				CLANG_WARN_STRICT_PROTOTYPES = YES;
				CLANG_WARN_SUSPICIOUS_MOVE = YES;
				CLANG_WARN_UNGUARDED_AVAILABILITY = YES_AGGRESSIVE;
				CLANG_WARN_UNREACHABLE_CODE = YES;
				CLANG_WARN__DUPLICATE_METHOD_MATCH = YES;
				COPY_PHASE_STRIP = NO;
				DEBUG_INFORMATION_FORMAT = dwarf;
				ENABLE_STRICT_OBJC_MSGSEND = YES;
				ENABLE_TESTABILITY = YES;
				GCC_C_LANGUAGE_STANDARD = gnu11;
				GCC_DYNAMIC_NO_PIC = NO;
				GCC_NO_COMMON_BLOCKS = YES;
				GCC_OPTIMIZATION_LEVEL = 0;
				GCC_PREPROCESSOR_DEFINITIONS = (
					"DEBUG=1",
					"$(inherited)",
				);
				GCC_WARN_64_TO_32_BIT_CONVERSION = YES;
				GCC_WARN_ABOUT_RETURN_TYPE = YES_ERROR;
				GCC_WARN_UNDECLARED_SELECTOR = YES;
				GCC_WARN_UNINITIALIZED_AUTOS = YES_AGGRESSIVE;
				GCC_WARN_UNUSED_FUNCTION = YES;
				GCC_WARN_UNUSED_VARIABLE = YES;
				IPHONEOS_DEPLOYMENT_TARGET = 16.4;
				MTL_ENABLE_DEBUG_INFO = INCLUDE_SOURCE;
				MTL_FAST_MATH = YES;
				ONLY_ACTIVE_ARCH = YES;
				SDKROOT = iphoneos;
			};
			name = Debug;
		};
		C98D20CC2A1B625500D24333 /* Release */ = {
			isa = XCBuildConfiguration;
			buildSettings = {
				ALWAYS_SEARCH_USER_PATHS = NO;
				CLANG_ANALYZER_NONNULL = YES;
				CLANG_ANALYZER_NUMBER_OBJECT_CONVERSION = YES_AGGRESSIVE;
				CLANG_CXX_LANGUAGE_STANDARD = "gnu++20";
				CLANG_ENABLE_MODULES = YES;
				CLANG_ENABLE_OBJC_ARC = YES;
				CLANG_ENABLE_OBJC_WEAK = YES;
				CLANG_WARN_BLOCK_CAPTURE_AUTORELEASING = YES;
				CLANG_WARN_BOOL_CONVERSION = YES;
				CLANG_WARN_COMMA = YES;
				CLANG_WARN_CONSTANT_CONVERSION = YES;
				CLANG_WARN_DEPRECATED_OBJC_IMPLEMENTATIONS = YES;
				CLANG_WARN_DIRECT_OBJC_ISA_USAGE = YES_ERROR;
				CLANG_WARN_DOCUMENTATION_COMMENTS = YES;
				CLANG_WARN_EMPTY_BODY = YES;
				CLANG_WARN_ENUM_CONVERSION = YES;
				CLANG_WARN_INFINITE_RECURSION = YES;
				CLANG_WARN_INT_CONVERSION = YES;
				CLANG_WARN_NON_LITERAL_NULL_CONVERSION = YES;
				CLANG_WARN_OBJC_IMPLICIT_RETAIN_SELF = YES;
				CLANG_WARN_OBJC_LITERAL_CONVERSION = YES;
				CLANG_WARN_OBJC_ROOT_CLASS = YES_ERROR;
				CLANG_WARN_QUOTED_INCLUDE_IN_FRAMEWORK_HEADER = YES;
				CLANG_WARN_RANGE_LOOP_ANALYSIS = YES;
				CLANG_WARN_STRICT_PROTOTYPES = YES;
				CLANG_WARN_SUSPICIOUS_MOVE = YES;
				CLANG_WARN_UNGUARDED_AVAILABILITY = YES_AGGRESSIVE;
				CLANG_WARN_UNREACHABLE_CODE = YES;
				CLANG_WARN__DUPLICATE_METHOD_MATCH = YES;
				COPY_PHASE_STRIP = NO;
				DEBUG_INFORMATION_FORMAT = "dwarf-with-dsym";
				ENABLE_NS_ASSERTIONS = NO;
				ENABLE_STRICT_OBJC_MSGSEND = YES;
				GCC_C_LANGUAGE_STANDARD = gnu11;
				GCC_NO_COMMON_BLOCKS = YES;
				GCC_WARN_64_TO_32_BIT_CONVERSION = YES;
				GCC_WARN_ABOUT_RETURN_TYPE = YES_ERROR;
				GCC_WARN_UNDECLARED_SELECTOR = YES;
				GCC_WARN_UNINITIALIZED_AUTOS = YES_AGGRESSIVE;
				GCC_WARN_UNUSED_FUNCTION = YES;
				GCC_WARN_UNUSED_VARIABLE = YES;
				IPHONEOS_DEPLOYMENT_TARGET = 16.4;
				MTL_ENABLE_DEBUG_INFO = NO;
				MTL_FAST_MATH = YES;
				SDKROOT = iphoneos;
				VALIDATE_PRODUCT = YES;
			};
			name = Release;
		};
		C98D20CE2A1B625500D24333 /* Debug */ = {
			isa = XCBuildConfiguration;
			baseConfigurationReference = DE5211D60FF2C80EC4AC2055 /* Pods-QAuth_iOS.debug.xcconfig */;
			buildSettings = {
				ASSETCATALOG_COMPILER_APPICON_NAME = AppIcon;
				ASSETCATALOG_COMPILER_GLOBAL_ACCENT_COLOR_NAME = AccentColor;
				CODE_SIGN_STYLE = Automatic;
				CURRENT_PROJECT_VERSION = 1;
				DEVELOPMENT_TEAM = W2TP34G2MM;
				FRAMEWORK_SEARCH_PATHS = (
					"$(inherited)",
					"$(PROJECT_DIR)/QAuth_iOS/Vender",
					"\"$(SRCROOT)/../QNAuthSDK/framework\"",
					"$(PROJECT_DIR)/QAuth_iOS/framework",
					"$(PROJECT_DIR)/QAuth_iOS/frameworks",
				);
				GENERATE_INFOPLIST_FILE = YES;
				INFOPLIST_FILE = QAuth_iOS/Info.plist;
				INFOPLIST_KEY_CFBundleDisplayName = "七牛";
				INFOPLIST_KEY_UIApplicationSupportsIndirectInputEvents = YES;
				INFOPLIST_KEY_UILaunchStoryboardName = LaunchScreen;
				INFOPLIST_KEY_UIMainStoryboardFile = Main;
				INFOPLIST_KEY_UISupportedInterfaceOrientations_iPad = "UIInterfaceOrientationPortrait UIInterfaceOrientationPortraitUpsideDown UIInterfaceOrientationLandscapeLeft UIInterfaceOrientationLandscapeRight";
				INFOPLIST_KEY_UISupportedInterfaceOrientations_iPhone = "UIInterfaceOrientationPortrait UIInterfaceOrientationLandscapeLeft UIInterfaceOrientationLandscapeRight";
				IPHONEOS_DEPLOYMENT_TARGET = 11.0;
				LD_RUNPATH_SEARCH_PATHS = (
					"$(inherited)",
					"@executable_path/Frameworks",
				);
				MARKETING_VERSION = 1.0;
				OTHER_LDFLAGS = (
					"$(inherited)",
					"-framework",
					"\"AFNetworking\"",
					"-framework",
					"\"ChameleonFramework\"",
					"-framework",
					"\"CocoaSecurity\"",
					"-framework",
					"\"CoreFoundation\"",
					"-framework",
					"\"CoreGraphics\"",
					"-framework",
					"\"Foundation\"",
					"-framework",
					"\"Lottie\"",
					"-framework",
					"\"Masonry\"",
					"-framework",
					"\"QuartzCore\"",
					"-framework",
					"\"SVProgressHUD\"",
					"-framework",
					"\"UIKit\"",
					"-framework",
					"\"YYModel\"",
					"-ObjC",
				);
				PRODUCT_BUNDLE_IDENTIFIER = com.qiniu.niucube;
				PRODUCT_NAME = "$(TARGET_NAME)";
				SWIFT_EMIT_LOC_STRINGS = YES;
				TARGETED_DEVICE_FAMILY = "1,2";
				USER_HEADER_SEARCH_PATHS = "";
			};
			name = Debug;
		};
		C98D20CF2A1B625500D24333 /* Release */ = {
			isa = XCBuildConfiguration;
			baseConfigurationReference = 7A42B65D3D3EBEEEF028F3A4 /* Pods-QAuth_iOS.release.xcconfig */;
			buildSettings = {
				ASSETCATALOG_COMPILER_APPICON_NAME = AppIcon;
				ASSETCATALOG_COMPILER_GLOBAL_ACCENT_COLOR_NAME = AccentColor;
				CODE_SIGN_STYLE = Automatic;
				CURRENT_PROJECT_VERSION = 1;
				DEVELOPMENT_TEAM = W2TP34G2MM;
				FRAMEWORK_SEARCH_PATHS = (
					"$(inherited)",
					"$(PROJECT_DIR)/QAuth_iOS/Vender",
					"\"$(SRCROOT)/../QNAuthSDK/framework\"",
					"$(PROJECT_DIR)/QAuth_iOS/framework",
					"$(PROJECT_DIR)/QAuth_iOS/frameworks",
				);
				GENERATE_INFOPLIST_FILE = YES;
				INFOPLIST_FILE = QAuth_iOS/Info.plist;
				INFOPLIST_KEY_CFBundleDisplayName = "七牛";
				INFOPLIST_KEY_UIApplicationSupportsIndirectInputEvents = YES;
				INFOPLIST_KEY_UILaunchStoryboardName = LaunchScreen;
				INFOPLIST_KEY_UIMainStoryboardFile = Main;
				INFOPLIST_KEY_UISupportedInterfaceOrientations_iPad = "UIInterfaceOrientationPortrait UIInterfaceOrientationPortraitUpsideDown UIInterfaceOrientationLandscapeLeft UIInterfaceOrientationLandscapeRight";
				INFOPLIST_KEY_UISupportedInterfaceOrientations_iPhone = "UIInterfaceOrientationPortrait UIInterfaceOrientationLandscapeLeft UIInterfaceOrientationLandscapeRight";
				IPHONEOS_DEPLOYMENT_TARGET = 11.0;
				LD_RUNPATH_SEARCH_PATHS = (
					"$(inherited)",
					"@executable_path/Frameworks",
				);
				MARKETING_VERSION = 1.0;
				OTHER_LDFLAGS = (
					"$(inherited)",
					"-framework",
					"\"AFNetworking\"",
					"-framework",
					"\"ChameleonFramework\"",
					"-framework",
					"\"CocoaSecurity\"",
					"-framework",
					"\"CoreFoundation\"",
					"-framework",
					"\"CoreGraphics\"",
					"-framework",
					"\"Foundation\"",
					"-framework",
					"\"Lottie\"",
					"-framework",
					"\"Masonry\"",
					"-framework",
					"\"QuartzCore\"",
					"-framework",
					"\"SVProgressHUD\"",
					"-framework",
					"\"UIKit\"",
					"-framework",
					"\"YYModel\"",
					"-ObjC",
				);
				PRODUCT_BUNDLE_IDENTIFIER = com.qiniu.niucube;
				PRODUCT_NAME = "$(TARGET_NAME)";
				SWIFT_EMIT_LOC_STRINGS = YES;
				TARGETED_DEVICE_FAMILY = "1,2";
				USER_HEADER_SEARCH_PATHS = "";
			};
			name = Release;
		};
/* End XCBuildConfiguration section */

/* Begin XCConfigurationList section */
		C98D20AF2A1B625300D24333 /* Build configuration list for PBXProject "QAuth_iOS" */ = {
			isa = XCConfigurationList;
			buildConfigurations = (
				C98D20CB2A1B625500D24333 /* Debug */,
				C98D20CC2A1B625500D24333 /* Release */,
			);
			defaultConfigurationIsVisible = 0;
			defaultConfigurationName = Release;
		};
		C98D20CD2A1B625500D24333 /* Build configuration list for PBXNativeTarget "QAuth_iOS" */ = {
			isa = XCConfigurationList;
			buildConfigurations = (
				C98D20CE2A1B625500D24333 /* Debug */,
				C98D20CF2A1B625500D24333 /* Release */,
			);
			defaultConfigurationIsVisible = 0;
			defaultConfigurationName = Release;
		};
/* End XCConfigurationList section */
	};
	rootObject = C98D20AC2A1B625300D24333 /* Project object */;
}
